
Microsoft Visual Studio Solution File, Format Version 12.00
# Visual Studio Version 16
VisualStudioVersion = 16.0.30611.23
MinimumVisualStudioVersion = 10.0.40219.1
Project("{8BC9CEB8-8B4A-11D0-8D11-00A0C91BC942}") = "kabbugs", "kabbugs.vcxproj", "{B5E05E60-1FBF-4138-83F0-89EA9D7E3100}"
EndProject
Global
	GlobalSection(SolutionConfigurationPlatforms) = preSolution
		Debug|x64 = Debug|x64
		Debug|x86 = Debug|x86
		Release|x64 = Release|x64
		Release|x86 = Release|x86
	EndGlobalSection
	GlobalSection(ProjectConfigurationPlatforms) = postSolution
		{B5E05E60-1FBF-4138-83F0-89EA9D7E3100}.Debug|x64.ActiveCfg = Debug|x64
		{B5E05E60-1FBF-4138-83F0-89EA9D7E3100}.Debug|x64.Build.0 = Debug|x64
		{B5E05E60-1FBF-4138-83F0-89EA9D7E3100}.Debug|x86.ActiveCfg = Debug|Win32
		{B5E05E60-1FBF-4138-83F0-89EA9D7E3100}.Debug|x86.Build.0 = Debug|Win32
		{B5E05E60-1FBF-4138-83F0-89EA9D7E3100}.Release|x64.ActiveCfg = Release|x64
		{B5E05E60-1FBF-4138-83F0-89EA9D7E3100}.Release|x64.Build.0 = Release|x64
		{B5E05E60-1FBF-4138-83F0-89EA9D7E3100}.Release|x86.ActiveCfg = Release|Win32
		{B5E05E60-1FBF-4138-83F0-89EA9D7E3100}.Release|x86.Build.0 = Release|Win32
	EndGlobalSection
	GlobalSection(SolutionProperties) = preSolution
		HideSolutionNode = FALSE
	EndGlobalSection
	GlobalSection(ExtensibilityGlobals) = postSolution
		SolutionGuid = {5BD403D0-BAD7-4E56-AA56-11B86294CD75}
	EndGlobalSection
EndGlobal
